
Microsoft Visual Studio Solution File, Format Version 12.00
# Visual Studio Version 16
VisualStudioVersion = 16.0.29905.134
MinimumVisualStudioVersion = 10.0.40219.1
Project("{9A19103F-16F7-4668-BE54-9A1E7A4F7556}") = "RemotePad.Web", "RemotePad.Web\RemotePad.Web.csproj", "{E9634FEF-074D-45B2-BE6A-1B98ACE34D6A}"
EndProject
Project("{FAE04EC0-301F-11D3-BF4B-00C04F79EFBC}") = "RemotePad.HostApp", "RemotePad.HostApp\RemotePad.HostApp.csproj", "{4EE5454F-C509-420C-A63D-9318148A2A2D}"
EndProject
Global
	GlobalSection(SolutionConfigurationPlatforms) = preSolution
		Debug|Any CPU = Debug|Any CPU
		Release|Any CPU = Release|Any CPU
	EndGlobalSection
	GlobalSection(ProjectConfigurationPlatforms) = postSolution
		{E9634FEF-074D-45B2-BE6A-1B98ACE34D6A}.Debug|Any CPU.ActiveCfg = Debug|Any CPU
		{E9634FEF-074D-45B2-BE6A-1B98ACE34D6A}.Debug|Any CPU.Build.0 = Debug|Any CPU
		{E9634FEF-074D-45B2-BE6A-1B98ACE34D6A}.Release|Any CPU.ActiveCfg = Release|Any CPU
		{E9634FEF-074D-45B2-BE6A-1B98ACE34D6A}.Release|Any CPU.Build.0 = Release|Any CPU
		{4EE5454F-C509-420C-A63D-9318148A2A2D}.Debug|Any CPU.ActiveCfg = Debug|Any CPU
		{4EE5454F-C509-420C-A63D-9318148A2A2D}.Debug|Any CPU.Build.0 = Debug|Any CPU
		{4EE5454F-C509-420C-A63D-9318148A2A2D}.Release|Any CPU.ActiveCfg = Release|Any CPU
		{4EE5454F-C509-420C-A63D-9318148A2A2D}.Release|Any CPU.Build.0 = Release|Any CPU
	EndGlobalSection
	GlobalSection(SolutionProperties) = preSolution
		HideSolutionNode = FALSE
	EndGlobalSection
	GlobalSection(ExtensibilityGlobals) = postSolution
		SolutionGuid = {CA5715F5-86A1-4CDD-9C2D-823714F68ED7}
	EndGlobalSection
EndGlobal
